
Microsoft Visual Studio Solution File, Format Version 12.00
# Visual Studio Version 17
VisualStudioVersion = 17.5.001.0
MinimumVisualStudioVersion = 10.0.40219.1
Project("{9A19103F-16F7-4668-BE54-9A1E7A4F7556}") = "tl2-tp5-2024-arcthomas", "tl2-tp5-2024-arcthomas.csproj", "{F4A1A4D7-FEF1-4A7D-81DA-0167DCB9197F}"
EndProject
Global
	GlobalSection(SolutionConfigurationPlatforms) = preSolution
		Debug|Any CPU = Debug|Any CPU
		Release|Any CPU = Release|Any CPU
	EndGlobalSection
	GlobalSection(ProjectConfigurationPlatforms) = postSolution
		{F4A1A4D7-FEF1-4A7D-81DA-0167DCB9197F}.Debug|Any CPU.ActiveCfg = Debug|Any CPU
		{F4A1A4D7-FEF1-4A7D-81DA-0167DCB9197F}.Debug|Any CPU.Build.0 = Debug|Any CPU
		{F4A1A4D7-FEF1-4A7D-81DA-0167DCB9197F}.Release|Any CPU.ActiveCfg = Release|Any CPU
		{F4A1A4D7-FEF1-4A7D-81DA-0167DCB9197F}.Release|Any CPU.Build.0 = Release|Any CPU
	EndGlobalSection
	GlobalSection(SolutionProperties) = preSolution
		HideSolutionNode = FALSE
	EndGlobalSection
	GlobalSection(ExtensibilityGlobals) = postSolution
		SolutionGuid = {0CC0DD9C-3F4A-4A99-ADE9-C11EA6D09314}
	EndGlobalSection
EndGlobal
